
Microsoft Visual Studio Solution File, Format Version 12.00
# Visual Studio Version 17
VisualStudioVersion = 17.14.36705.20
MinimumVisualStudioVersion = 10.0.40219.1
Project("{FAE04EC0-301F-11D3-BF4B-00C04F79EFBC}") = "PokeApiApp", "PokeApiApp.csproj", "{6DB46965-9886-40A8-A076-8922315A6032}"
EndProject
Project("{2150E333-8FDC-42A3-9474-1A3956D46DE8}") = "PokemonApp", "PokemonApp", "{03F33C01-31F6-477D-A841-1B6AD419EE34}"
EndProject
Project("{FAE04EC0-301F-11D3-BF4B-00C04F79EFBC}") = "PokemonEffectivenessTests", "..\..\tests\PokemonEffectivenessTests\PokemonEffectivenessTests.csproj", "{3FD96B53-B9A3-C912-EC4E-2C38326851B5}"
EndProject
Global
	GlobalSection(SolutionConfigurationPlatforms) = preSolution
		Debug|Any CPU = Debug|Any CPU
		Release|Any CPU = Release|Any CPU
	EndGlobalSection
	GlobalSection(ProjectConfigurationPlatforms) = postSolution
		{6DB46965-9886-40A8-A076-8922315A6032}.Debug|Any CPU.ActiveCfg = Debug|Any CPU
		{6DB46965-9886-40A8-A076-8922315A6032}.Debug|Any CPU.Build.0 = Debug|Any CPU
		{6DB46965-9886-40A8-A076-8922315A6032}.Release|Any CPU.ActiveCfg = Release|Any CPU
		{6DB46965-9886-40A8-A076-8922315A6032}.Release|Any CPU.Build.0 = Release|Any CPU
		{3FD96B53-B9A3-C912-EC4E-2C38326851B5}.Debug|Any CPU.ActiveCfg = Debug|Any CPU
		{3FD96B53-B9A3-C912-EC4E-2C38326851B5}.Debug|Any CPU.Build.0 = Debug|Any CPU
		{3FD96B53-B9A3-C912-EC4E-2C38326851B5}.Release|Any CPU.ActiveCfg = Release|Any CPU
		{3FD96B53-B9A3-C912-EC4E-2C38326851B5}.Release|Any CPU.Build.0 = Release|Any CPU
	EndGlobalSection
	GlobalSection(SolutionProperties) = preSolution
		HideSolutionNode = FALSE
	EndGlobalSection
	GlobalSection(NestedProjects) = preSolution
		{6DB46965-9886-40A8-A076-8922315A6032} = {03F33C01-31F6-477D-A841-1B6AD419EE34}
		{3FD96B53-B9A3-C912-EC4E-2C38326851B5} = {03F33C01-31F6-477D-A841-1B6AD419EE34}
	EndGlobalSection
	GlobalSection(ExtensibilityGlobals) = postSolution
		SolutionGuid = {D250255C-10AB-480A-9276-21B86DF87B0F}
	EndGlobalSection
EndGlobal
