
Microsoft Visual Studio Solution File, Format Version 12.00
# Visual Studio Version 17
VisualStudioVersion = 17.14.36705.20
MinimumVisualStudioVersion = 10.0.40219.1
Project("{FAE04EC0-301F-11D3-BF4B-00C04F79EFBC}") = "PokemonEffectivenessApp", "PokemonEffectivenessApp.csproj", "{6DB46965-9886-40A8-A076-8922315A6032}"
EndProject
Project("{FAE04EC0-301F-11D3-BF4B-00C04F79EFBC}") = "PokemonEffectivenessTests", "..\PokemonEffectivenessTests\PokemonEffectivenessTests.csproj", "{4665DB9B-D0AA-412A-B29D-8AA3406D7DFF}"
EndProject
Global
	GlobalSection(SolutionConfigurationPlatforms) = preSolution
		Debug|Any CPU = Debug|Any CPU
		Release|Any CPU = Release|Any CPU
	EndGlobalSection
	GlobalSection(ProjectConfigurationPlatforms) = postSolution
		{6DB46965-9886-40A8-A076-8922315A6032}.Debug|Any CPU.ActiveCfg = Debug|Any CPU
		{6DB46965-9886-40A8-A076-8922315A6032}.Debug|Any CPU.Build.0 = Debug|Any CPU
		{6DB46965-9886-40A8-A076-8922315A6032}.Release|Any CPU.ActiveCfg = Release|Any CPU
		{6DB46965-9886-40A8-A076-8922315A6032}.Release|Any CPU.Build.0 = Release|Any CPU
		{4665DB9B-D0AA-412A-B29D-8AA3406D7DFF}.Debug|Any CPU.ActiveCfg = Debug|Any CPU
		{4665DB9B-D0AA-412A-B29D-8AA3406D7DFF}.Debug|Any CPU.Build.0 = Debug|Any CPU
		{4665DB9B-D0AA-412A-B29D-8AA3406D7DFF}.Release|Any CPU.ActiveCfg = Release|Any CPU
		{4665DB9B-D0AA-412A-B29D-8AA3406D7DFF}.Release|Any CPU.Build.0 = Release|Any CPU
	EndGlobalSection
	GlobalSection(SolutionProperties) = preSolution
		HideSolutionNode = FALSE
	EndGlobalSection
	GlobalSection(ExtensibilityGlobals) = postSolution
		SolutionGuid = {D250255C-10AB-480A-9276-21B86DF87B0F}
	EndGlobalSection
EndGlobal
